
Microsoft Visual Studio Solution File, Format Version 11.00
# Visual Studio 2010
Project("{FAE04EC0-301F-11D3-BF4B-00C04F79EFBC}") = "Solbakken", "Solbakken\Solbakken.csproj", "{DB942182-54D6-405C-8500-911047CF0DB8}"
EndProject
Global
	GlobalSection(SolutionConfigurationPlatforms) = preSolution
		Debug|Any CPU = Debug|Any CPU
		Release|Any CPU = Release|Any CPU
	EndGlobalSection
	GlobalSection(ProjectConfigurationPlatforms) = postSolution
		{DB942182-54D6-405C-8500-911047CF0DB8}.Debug|Any CPU.ActiveCfg = Debug|Any CPU
		{DB942182-54D6-405C-8500-911047CF0DB8}.Debug|Any CPU.Build.0 = Debug|Any CPU
		{DB942182-54D6-405C-8500-911047CF0DB8}.Release|Any CPU.ActiveCfg = Release|Any CPU
		{DB942182-54D6-405C-8500-911047CF0DB8}.Release|Any CPU.Build.0 = Release|Any CPU
	EndGlobalSection
	GlobalSection(SolutionProperties) = preSolution
		HideSolutionNode = FALSE
	EndGlobalSection
EndGlobal
